
Microsoft Visual Studio Solution File, Format Version 12.00
# Visual Studio Version 16
VisualStudioVersion = 16.0.31402.337
MinimumVisualStudioVersion = 10.0.40219.1
Project("{D954291E-2A0B-460D-934E-DC6B0785DB48}") = "POSUNO.Shared", "POSUNO\POSUNO.Shared\POSUNO.Shared.shproj", "{6279C845-92F8-4333-AB99-3D213163593C}"
EndProject
Project("{2150E333-8FDC-42A3-9474-1A3956D46DE8}") = "Platforms", "Platforms", "{8CE12EB7-070B-4D92-BC0D-6299ECE24B02}"
EndProject
Project("{FAE04EC0-301F-11D3-BF4B-00C04F79EFBC}") = "POSUNO.Droid", "POSUNO\POSUNO.Droid\POSUNO.Droid.csproj", "{DCECF213-0FDB-4EF6-94F5-7F6F5F71CD7E}"
EndProject
Project("{FAE04EC0-301F-11D3-BF4B-00C04F79EFBC}") = "POSUNO.iOS", "POSUNO\POSUNO.iOS\POSUNO.iOS.csproj", "{EB33CE33-8F69-4FEE-B6CB-6CB4DBA0B51F}"
EndProject
Project("{FAE04EC0-301F-11D3-BF4B-00C04F79EFBC}") = "POSUNO.UWP", "POSUNO\POSUNO.UWP\POSUNO.UWP.csproj", "{82DA6BF2-10EE-4AEA-AA66-E17EB604C303}"
EndProject
Project("{9A19103F-16F7-4668-BE54-9A1E7A4F7556}") = "POSUNO.Wasm", "POSUNO\POSUNO.Wasm\POSUNO.Wasm.csproj", "{AEF59DBB-1A57-4558-AB7F-3A736AA5D7C8}"
EndProject
Project("{FAE04EC0-301F-11D3-BF4B-00C04F79EFBC}") = "POSUNO.macOS", "POSUNO\POSUNO.macOS\POSUNO.macOS.csproj", "{09AF5AA6-F3CC-49EA-AD36-27D3E2FAD45E}"
EndProject
Project("{9A19103F-16F7-4668-BE54-9A1E7A4F7556}") = "POSUNO.Skia.Wpf.Host", "POSUNO\POSUNO.Skia.Wpf.Host\POSUNO.Skia.Wpf.Host.csproj", "{C2F4F69E-CF12-4664-8604-E2856B43C928}"
EndProject
Project("{9A19103F-16F7-4668-BE54-9A1E7A4F7556}") = "POSUNO.Skia.Wpf", "POSUNO\POSUNO.Skia.Wpf\POSUNO.Skia.Wpf.csproj", "{C6B01CC9-DA9C-419E-92A9-314B5A759B18}"
EndProject
Project("{9A19103F-16F7-4668-BE54-9A1E7A4F7556}") = "POSUNO.Skia.Gtk", "POSUNO\POSUNO.Skia.Gtk\POSUNO.Skia.Gtk.csproj", "{C7B40D55-0104-4D60-A407-F71131007631}"
EndProject
Project("{9A19103F-16F7-4668-BE54-9A1E7A4F7556}") = "POSUNO.Skia.Tizen", "POSUNO\POSUNO.Skia.Tizen\POSUNO.Skia.Tizen.csproj", "{B574B355-ACDD-4E1D-A135-7FF55DB1FE71}"
EndProject
Project("{9A19103F-16F7-4668-BE54-9A1E7A4F7556}") = "POSUNO.api", "POSUNO.api\POSUNO.api.csproj", "{7DE99DED-0A73-4482-8465-A9F2EC48B8D0}"
EndProject
Global
	GlobalSection(SharedMSBuildProjectFiles) = preSolution
		POSUNO\POSUNO.Shared\POSUNO.Shared.projitems*{09af5aa6-f3cc-49ea-ad36-27d3e2fad45e}*SharedItemsImports = 4
		POSUNO\POSUNO.Shared\POSUNO.Shared.projitems*{6279c845-92f8-4333-ab99-3d213163593c}*SharedItemsImports = 13
		POSUNO\POSUNO.Shared\POSUNO.Shared.projitems*{82da6bf2-10ee-4aea-aa66-e17eb604c303}*SharedItemsImports = 4
		POSUNO\POSUNO.Shared\POSUNO.Shared.projitems*{aef59dbb-1a57-4558-ab7f-3a736aa5d7c8}*SharedItemsImports = 5
		POSUNO\POSUNO.Shared\POSUNO.Shared.projitems*{b574b355-acdd-4e1d-a135-7ff55db1fe71}*SharedItemsImports = 5
		POSUNO\POSUNO.Shared\POSUNO.Shared.projitems*{c6b01cc9-da9c-419e-92a9-314b5a759b18}*SharedItemsImports = 5
		POSUNO\POSUNO.Shared\POSUNO.Shared.projitems*{c7b40d55-0104-4d60-a407-f71131007631}*SharedItemsImports = 5
		POSUNO\POSUNO.Shared\POSUNO.Shared.projitems*{dcecf213-0fdb-4ef6-94f5-7f6f5f71cd7e}*SharedItemsImports = 4
		POSUNO\POSUNO.Shared\POSUNO.Shared.projitems*{eb33ce33-8f69-4fee-b6cb-6cb4dba0b51f}*SharedItemsImports = 4
	EndGlobalSection
	GlobalSection(SolutionConfigurationPlatforms) = preSolution
		Ad-Hoc|Any CPU = Ad-Hoc|Any CPU
		Ad-Hoc|ARM = Ad-Hoc|ARM
		Ad-Hoc|ARM64 = Ad-Hoc|ARM64
		Ad-Hoc|iPhone = Ad-Hoc|iPhone
		Ad-Hoc|iPhoneSimulator = Ad-Hoc|iPhoneSimulator
		Ad-Hoc|x64 = Ad-Hoc|x64
		Ad-Hoc|x86 = Ad-Hoc|x86
		AppStore|Any CPU = AppStore|Any CPU
		AppStore|ARM = AppStore|ARM
		AppStore|ARM64 = AppStore|ARM64
		AppStore|iPhone = AppStore|iPhone
		AppStore|iPhoneSimulator = AppStore|iPhoneSimulator
		AppStore|x64 = AppStore|x64
		AppStore|x86 = AppStore|x86
		Debug|Any CPU = Debug|Any CPU
		Debug|ARM = Debug|ARM
		Debug|ARM64 = Debug|ARM64
		Debug|iPhone = Debug|iPhone
		Debug|iPhoneSimulator = Debug|iPhoneSimulator
		Debug|x64 = Debug|x64
		Debug|x86 = Debug|x86
		Release|Any CPU = Release|Any CPU
		Release|ARM = Release|ARM
		Release|ARM64 = Release|ARM64
		Release|iPhone = Release|iPhone
		Release|iPhoneSimulator = Release|iPhoneSimulator
		Release|x64 = Release|x64
		Release|x86 = Release|x86
	EndGlobalSection
	GlobalSection(ProjectConfigurationPlatforms) = postSolution
		{DCECF213-0FDB-4EF6-94F5-7F6F5F71CD7E}.Ad-Hoc|Any CPU.ActiveCfg = Debug|Any CPU
		{DCECF213-0FDB-4EF6-94F5-7F6F5F71CD7E}.Ad-Hoc|Any CPU.Build.0 = Debug|Any CPU
		{DCECF213-0FDB-4EF6-94F5-7F6F5F71CD7E}.Ad-Hoc|Any CPU.Deploy.0 = Debug|Any CPU
		{DCECF213-0FDB-4EF6-94F5-7F6F5F71CD7E}.Ad-Hoc|ARM.ActiveCfg = Debug|Any CPU
		{DCECF213-0FDB-4EF6-94F5-7F6F5F71CD7E}.Ad-Hoc|ARM.Build.0 = Debug|Any CPU
		{DCECF213-0FDB-4EF6-94F5-7F6F5F71CD7E}.Ad-Hoc|ARM.Deploy.0 = Debug|Any CPU
		{DCECF213-0FDB-4EF6-94F5-7F6F5F71CD7E}.Ad-Hoc|ARM64.ActiveCfg = Debug|Any CPU
		{DCECF213-0FDB-4EF6-94F5-7F6F5F71CD7E}.Ad-Hoc|ARM64.Build.0 = Debug|Any CPU
		{DCECF213-0FDB-4EF6-94F5-7F6F5F71CD7E}.Ad-Hoc|ARM64.Deploy.0 = Debug|Any CPU
		{DCECF213-0FDB-4EF6-94F5-7F6F5F71CD7E}.Ad-Hoc|iPhone.ActiveCfg = Debug|Any CPU
		{DCECF213-0FDB-4EF6-94F5-7F6F5F71CD7E}.Ad-Hoc|iPhone.Build.0 = Debug|Any CPU
		{DCECF213-0FDB-4EF6-94F5-7F6F5F71CD7E}.Ad-Hoc|iPhone.Deploy.0 = Debug|Any CPU
		{DCECF213-0FDB-4EF6-94F5-7F6F5F71CD7E}.Ad-Hoc|iPhoneSimulator.ActiveCfg = Debug|Any CPU
		{DCECF213-0FDB-4EF6-94F5-7F6F5F71CD7E}.Ad-Hoc|iPhoneSimulator.Build.0 = Debug|Any CPU
		{DCECF213-0FDB-4EF6-94F5-7F6F5F71CD7E}.Ad-Hoc|iPhoneSimulator.Deploy.0 = Debug|Any CPU
		{DCECF213-0FDB-4EF6-94F5-7F6F5F71CD7E}.Ad-Hoc|x64.ActiveCfg = Debug|Any CPU
		{DCECF213-0FDB-4EF6-94F5-7F6F5F71CD7E}.Ad-Hoc|x64.Build.0 = Debug|Any CPU
		{DCECF213-0FDB-4EF6-94F5-7F6F5F71CD7E}.Ad-Hoc|x64.Deploy.0 = Debug|Any CPU
		{DCECF213-0FDB-4EF6-94F5-7F6F5F71CD7E}.Ad-Hoc|x86.ActiveCfg = Debug|Any CPU
		{DCECF213-0FDB-4EF6-94F5-7F6F5F71CD7E}.Ad-Hoc|x86.Build.0 = Debug|Any CPU
		{DCECF213-0FDB-4EF6-94F5-7F6F5F71CD7E}.Ad-Hoc|x86.Deploy.0 = Debug|Any CPU
		{DCECF213-0FDB-4EF6-94F5-7F6F5F71CD7E}.AppStore|Any CPU.ActiveCfg = Debug|Any CPU
		{DCECF213-0FDB-4EF6-94F5-7F6F5F71CD7E}.AppStore|Any CPU.Build.0 = Debug|Any CPU
		{DCECF213-0FDB-4EF6-94F5-7F6F5F71CD7E}.AppStore|Any CPU.Deploy.0 = Debug|Any CPU
		{DCECF213-0FDB-4EF6-94F5-7F6F5F71CD7E}.AppStore|ARM.ActiveCfg = Debug|Any CPU
		{DCECF213-0FDB-4EF6-94F5-7F6F5F71CD7E}.AppStore|ARM.Build.0 = Debug|Any CPU
		{DCECF213-0FDB-4EF6-94F5-7F6F5F71CD7E}.AppStore|ARM.Deploy.0 = Debug|Any CPU
		{DCECF213-0FDB-4EF6-94F5-7F6F5F71CD7E}.AppStore|ARM64.ActiveCfg = Debug|Any CPU
		{DCECF213-0FDB-4EF6-94F5-7F6F5F71CD7E}.AppStore|ARM64.Build.0 = Debug|Any CPU
		{DCECF213-0FDB-4EF6-94F5-7F6F5F71CD7E}.AppStore|ARM64.Deploy.0 = Debug|Any CPU
		{DCECF213-0FDB-4EF6-94F5-7F6F5F71CD7E}.AppStore|iPhone.ActiveCfg = Debug|Any CPU
		{DCECF213-0FDB-4EF6-94F5-7F6F5F71CD7E}.AppStore|iPhone.Build.0 = Debug|Any CPU
		{DCECF213-0FDB-4EF6-94F5-7F6F5F71CD7E}.AppStore|iPhone.Deploy.0 = Debug|Any CPU
		{DCECF213-0FDB-4EF6-94F5-7F6F5F71CD7E}.AppStore|iPhoneSimulator.ActiveCfg = Debug|Any CPU
		{DCECF213-0FDB-4EF6-94F5-7F6F5F71CD7E}.AppStore|iPhoneSimulator.Build.0 = Debug|Any CPU
		{DCECF213-0FDB-4EF6-94F5-7F6F5F71CD7E}.AppStore|iPhoneSimulator.Deploy.0 = Debug|Any CPU
		{DCECF213-0FDB-4EF6-94F5-7F6F5F71CD7E}.AppStore|x64.ActiveCfg = Debug|Any CPU
		{DCECF213-0FDB-4EF6-94F5-7F6F5F71CD7E}.AppStore|x64.Build.0 = Debug|Any CPU
		{DCECF213-0FDB-4EF6-94F5-7F6F5F71CD7E}.AppStore|x64.Deploy.0 = Debug|Any CPU
		{DCECF213-0FDB-4EF6-94F5-7F6F5F71CD7E}.AppStore|x86.ActiveCfg = Debug|Any CPU
		{DCECF213-0FDB-4EF6-94F5-7F6F5F71CD7E}.AppStore|x86.Build.0 = Debug|Any CPU
		{DCECF213-0FDB-4EF6-94F5-7F6F5F71CD7E}.AppStore|x86.Deploy.0 = Debug|Any CPU
		{DCECF213-0FDB-4EF6-94F5-7F6F5F71CD7E}.Debug|Any CPU.ActiveCfg = Debug|Any CPU
		{DCECF213-0FDB-4EF6-94F5-7F6F5F71CD7E}.Debug|Any CPU.Build.0 = Debug|Any CPU
		{DCECF213-0FDB-4EF6-94F5-7F6F5F71CD7E}.Debug|Any CPU.Deploy.0 = Debug|Any CPU
		{DCECF213-0FDB-4EF6-94F5-7F6F5F71CD7E}.Debug|ARM.ActiveCfg = Debug|Any CPU
		{DCECF213-0FDB-4EF6-94F5-7F6F5F71CD7E}.Debug|ARM.Build.0 = Debug|Any CPU
		{DCECF213-0FDB-4EF6-94F5-7F6F5F71CD7E}.Debug|ARM.Deploy.0 = Debug|Any CPU
		{DCECF213-0FDB-4EF6-94F5-7F6F5F71CD7E}.Debug|ARM64.ActiveCfg = Debug|Any CPU
		{DCECF213-0FDB-4EF6-94F5-7F6F5F71CD7E}.Debug|ARM64.Build.0 = Debug|Any CPU
		{DCECF213-0FDB-4EF6-94F5-7F6F5F71CD7E}.Debug|ARM64.Deploy.0 = Debug|Any CPU
		{DCECF213-0FDB-4EF6-94F5-7F6F5F71CD7E}.Debug|iPhone.ActiveCfg = Debug|Any CPU
		{DCECF213-0FDB-4EF6-94F5-7F6F5F71CD7E}.Debug|iPhone.Build.0 = Debug|Any CPU
		{DCECF213-0FDB-4EF6-94F5-7F6F5F71CD7E}.Debug|iPhone.Deploy.0 = Debug|Any CPU
		{DCECF213-0FDB-4EF6-94F5-7F6F5F71CD7E}.Debug|iPhoneSimulator.ActiveCfg = Debug|Any CPU
		{DCECF213-0FDB-4EF6-94F5-7F6F5F71CD7E}.Debug|iPhoneSimulator.Build.0 = Debug|Any CPU
		{DCECF213-0FDB-4EF6-94F5-7F6F5F71CD7E}.Debug|iPhoneSimulator.Deploy.0 = Debug|Any CPU
		{DCECF213-0FDB-4EF6-94F5-7F6F5F71CD7E}.Debug|x64.ActiveCfg = Debug|Any CPU
		{DCECF213-0FDB-4EF6-94F5-7F6F5F71CD7E}.Debug|x64.Build.0 = Debug|Any CPU
		{DCECF213-0FDB-4EF6-94F5-7F6F5F71CD7E}.Debug|x64.Deploy.0 = Debug|Any CPU
		{DCECF213-0FDB-4EF6-94F5-7F6F5F71CD7E}.Debug|x86.ActiveCfg = Debug|Any CPU
		{DCECF213-0FDB-4EF6-94F5-7F6F5F71CD7E}.Debug|x86.Build.0 = Debug|Any CPU
		{DCECF213-0FDB-4EF6-94F5-7F6F5F71CD7E}.Debug|x86.Deploy.0 = Debug|Any CPU
		{DCECF213-0FDB-4EF6-94F5-7F6F5F71CD7E}.Release|Any CPU.ActiveCfg = Release|Any CPU
		{DCECF213-0FDB-4EF6-94F5-7F6F5F71CD7E}.Release|Any CPU.Build.0 = Release|Any CPU
		{DCECF213-0FDB-4EF6-94F5-7F6F5F71CD7E}.Release|Any CPU.Deploy.0 = Release|Any CPU
		{DCECF213-0FDB-4EF6-94F5-7F6F5F71CD7E}.Release|ARM.ActiveCfg = Release|Any CPU
		{DCECF213-0FDB-4EF6-94F5-7F6F5F71CD7E}.Release|ARM.Build.0 = Release|Any CPU
		{DCECF213-0FDB-4EF6-94F5-7F6F5F71CD7E}.Release|ARM.Deploy.0 = Release|Any CPU
		{DCECF213-0FDB-4EF6-94F5-7F6F5F71CD7E}.Release|ARM64.ActiveCfg = Release|Any CPU
		{DCECF213-0FDB-4EF6-94F5-7F6F5F71CD7E}.Release|ARM64.Build.0 = Release|Any CPU
		{DCECF213-0FDB-4EF6-94F5-7F6F5F71CD7E}.Release|ARM64.Deploy.0 = Release|Any CPU
		{DCECF213-0FDB-4EF6-94F5-7F6F5F71CD7E}.Release|iPhone.ActiveCfg = Release|Any CPU
		{DCECF213-0FDB-4EF6-94F5-7F6F5F71CD7E}.Release|iPhone.Build.0 = Release|Any CPU
		{DCECF213-0FDB-4EF6-94F5-7F6F5F71CD7E}.Release|iPhone.Deploy.0 = Release|Any CPU
		{DCECF213-0FDB-4EF6-94F5-7F6F5F71CD7E}.Release|iPhoneSimulator.ActiveCfg = Release|Any CPU
		{DCECF213-0FDB-4EF6-94F5-7F6F5F71CD7E}.Release|iPhoneSimulator.Build.0 = Release|Any CPU
		{DCECF213-0FDB-4EF6-94F5-7F6F5F71CD7E}.Release|iPhoneSimulator.Deploy.0 = Release|Any CPU
		{DCECF213-0FDB-4EF6-94F5-7F6F5F71CD7E}.Release|x64.ActiveCfg = Release|Any CPU
		{DCECF213-0FDB-4EF6-94F5-7F6F5F71CD7E}.Release|x64.Build.0 = Release|Any CPU
		{DCECF213-0FDB-4EF6-94F5-7F6F5F71CD7E}.Release|x64.Deploy.0 = Release|Any CPU
		{DCECF213-0FDB-4EF6-94F5-7F6F5F71CD7E}.Release|x86.ActiveCfg = Release|Any CPU
		{DCECF213-0FDB-4EF6-94F5-7F6F5F71CD7E}.Release|x86.Build.0 = Release|Any CPU
		{DCECF213-0FDB-4EF6-94F5-7F6F5F71CD7E}.Release|x86.Deploy.0 = Release|Any CPU
		{EB33CE33-8F69-4FEE-B6CB-6CB4DBA0B51F}.Ad-Hoc|Any CPU.ActiveCfg = Ad-Hoc|iPhoneSimulator
		{EB33CE33-8F69-4FEE-B6CB-6CB4DBA0B51F}.Ad-Hoc|ARM.ActiveCfg = Ad-Hoc|iPhoneSimulator
		{EB33CE33-8F69-4FEE-B6CB-6CB4DBA0B51F}.Ad-Hoc|ARM64.ActiveCfg = Ad-Hoc|iPhoneSimulator
		{EB33CE33-8F69-4FEE-B6CB-6CB4DBA0B51F}.Ad-Hoc|iPhone.ActiveCfg = Ad-Hoc|iPhone
		{EB33CE33-8F69-4FEE-B6CB-6CB4DBA0B51F}.Ad-Hoc|iPhone.Build.0 = Ad-Hoc|iPhone
		{EB33CE33-8F69-4FEE-B6CB-6CB4DBA0B51F}.Ad-Hoc|iPhoneSimulator.ActiveCfg = Ad-Hoc|iPhoneSimulator
		{EB33CE33-8F69-4FEE-B6CB-6CB4DBA0B51F}.Ad-Hoc|iPhoneSimulator.Build.0 = Ad-Hoc|iPhoneSimulator
		{EB33CE33-8F69-4FEE-B6CB-6CB4DBA0B51F}.Ad-Hoc|x64.ActiveCfg = Ad-Hoc|iPhoneSimulator
		{EB33CE33-8F69-4FEE-B6CB-6CB4DBA0B51F}.Ad-Hoc|x86.ActiveCfg = Ad-Hoc|iPhoneSimulator
		{EB33CE33-8F69-4FEE-B6CB-6CB4DBA0B51F}.AppStore|Any CPU.ActiveCfg = AppStore|iPhoneSimulator
		{EB33CE33-8F69-4FEE-B6CB-6CB4DBA0B51F}.AppStore|ARM.ActiveCfg = AppStore|iPhoneSimulator
		{EB33CE33-8F69-4FEE-B6CB-6CB4DBA0B51F}.AppStore|ARM64.ActiveCfg = AppStore|iPhoneSimulator
		{EB33CE33-8F69-4FEE-B6CB-6CB4DBA0B51F}.AppStore|iPhone.ActiveCfg = AppStore|iPhone
		{EB33CE33-8F69-4FEE-B6CB-6CB4DBA0B51F}.AppStore|iPhone.Build.0 = AppStore|iPhone
		{EB33CE33-8F69-4FEE-B6CB-6CB4DBA0B51F}.AppStore|iPhoneSimulator.ActiveCfg = AppStore|iPhoneSimulator
		{EB33CE33-8F69-4FEE-B6CB-6CB4DBA0B51F}.AppStore|iPhoneSimulator.Build.0 = AppStore|iPhoneSimulator
		{EB33CE33-8F69-4FEE-B6CB-6CB4DBA0B51F}.AppStore|x64.ActiveCfg = AppStore|iPhoneSimulator
		{EB33CE33-8F69-4FEE-B6CB-6CB4DBA0B51F}.AppStore|x86.ActiveCfg = AppStore|iPhoneSimulator
		{EB33CE33-8F69-4FEE-B6CB-6CB4DBA0B51F}.Debug|Any CPU.ActiveCfg = Debug|iPhoneSimulator
		{EB33CE33-8F69-4FEE-B6CB-6CB4DBA0B51F}.Debug|ARM.ActiveCfg = Debug|iPhoneSimulator
		{EB33CE33-8F69-4FEE-B6CB-6CB4DBA0B51F}.Debug|ARM64.ActiveCfg = Debug|iPhoneSimulator
		{EB33CE33-8F69-4FEE-B6CB-6CB4DBA0B51F}.Debug|iPhone.ActiveCfg = Debug|iPhone
		{EB33CE33-8F69-4FEE-B6CB-6CB4DBA0B51F}.Debug|iPhone.Build.0 = Debug|iPhone
		{EB33CE33-8F69-4FEE-B6CB-6CB4DBA0B51F}.Debug|iPhoneSimulator.ActiveCfg = Debug|iPhoneSimulator
		{EB33CE33-8F69-4FEE-B6CB-6CB4DBA0B51F}.Debug|iPhoneSimulator.Build.0 = Debug|iPhoneSimulator
		{EB33CE33-8F69-4FEE-B6CB-6CB4DBA0B51F}.Debug|x64.ActiveCfg = Debug|iPhoneSimulator
		{EB33CE33-8F69-4FEE-B6CB-6CB4DBA0B51F}.Debug|x86.ActiveCfg = Debug|iPhoneSimulator
		{EB33CE33-8F69-4FEE-B6CB-6CB4DBA0B51F}.Debug|x86.Build.0 = Debug|iPhoneSimulator
		{EB33CE33-8F69-4FEE-B6CB-6CB4DBA0B51F}.Release|Any CPU.ActiveCfg = Release|iPhoneSimulator
		{EB33CE33-8F69-4FEE-B6CB-6CB4DBA0B51F}.Release|ARM.ActiveCfg = Release|iPhoneSimulator
		{EB33CE33-8F69-4FEE-B6CB-6CB4DBA0B51F}.Release|ARM64.ActiveCfg = Release|iPhoneSimulator
		{EB33CE33-8F69-4FEE-B6CB-6CB4DBA0B51F}.Release|iPhone.ActiveCfg = Release|iPhone
		{EB33CE33-8F69-4FEE-B6CB-6CB4DBA0B51F}.Release|iPhone.Build.0 = Release|iPhone
		{EB33CE33-8F69-4FEE-B6CB-6CB4DBA0B51F}.Release|iPhoneSimulator.ActiveCfg = Release|iPhoneSimulator
		{EB33CE33-8F69-4FEE-B6CB-6CB4DBA0B51F}.Release|iPhoneSimulator.Build.0 = Release|iPhoneSimulator
		{EB33CE33-8F69-4FEE-B6CB-6CB4DBA0B51F}.Release|x64.ActiveCfg = Release|iPhoneSimulator
		{EB33CE33-8F69-4FEE-B6CB-6CB4DBA0B51F}.Release|x86.ActiveCfg = Release|iPhoneSimulator
		{82DA6BF2-10EE-4AEA-AA66-E17EB604C303}.Ad-Hoc|Any CPU.ActiveCfg = Debug|x86
		{82DA6BF2-10EE-4AEA-AA66-E17EB604C303}.Ad-Hoc|Any CPU.Build.0 = Debug|x86
		{82DA6BF2-10EE-4AEA-AA66-E17EB604C303}.Ad-Hoc|Any CPU.Deploy.0 = Debug|x86
		{82DA6BF2-10EE-4AEA-AA66-E17EB604C303}.Ad-Hoc|ARM.ActiveCfg = Debug|ARM
		{82DA6BF2-10EE-4AEA-AA66-E17EB604C303}.Ad-Hoc|ARM.Build.0 = Debug|ARM
		{82DA6BF2-10EE-4AEA-AA66-E17EB604C303}.Ad-Hoc|ARM.Deploy.0 = Debug|ARM
		{82DA6BF2-10EE-4AEA-AA66-E17EB604C303}.Ad-Hoc|ARM64.ActiveCfg = Debug|ARM64
		{82DA6BF2-10EE-4AEA-AA66-E17EB604C303}.Ad-Hoc|ARM64.Build.0 = Debug|ARM64
		{82DA6BF2-10EE-4AEA-AA66-E17EB604C303}.Ad-Hoc|ARM64.Deploy.0 = Debug|ARM64
		{82DA6BF2-10EE-4AEA-AA66-E17EB604C303}.Ad-Hoc|iPhone.ActiveCfg = Debug|x86
		{82DA6BF2-10EE-4AEA-AA66-E17EB604C303}.Ad-Hoc|iPhone.Build.0 = Debug|x86
		{82DA6BF2-10EE-4AEA-AA66-E17EB604C303}.Ad-Hoc|iPhone.Deploy.0 = Debug|x86
		{82DA6BF2-10EE-4AEA-AA66-E17EB604C303}.Ad-Hoc|iPhoneSimulator.ActiveCfg = Debug|x86
		{82DA6BF2-10EE-4AEA-AA66-E17EB604C303}.Ad-Hoc|iPhoneSimulator.Build.0 = Debug|x86
		{82DA6BF2-10EE-4AEA-AA66-E17EB604C303}.Ad-Hoc|iPhoneSimulator.Deploy.0 = Debug|x86
		{82DA6BF2-10EE-4AEA-AA66-E17EB604C303}.Ad-Hoc|x64.ActiveCfg = Debug|x64
		{82DA6BF2-10EE-4AEA-AA66-E17EB604C303}.Ad-Hoc|x64.Build.0 = Debug|x64
		{82DA6BF2-10EE-4AEA-AA66-E17EB604C303}.Ad-Hoc|x64.Deploy.0 = Debug|x64
		{82DA6BF2-10EE-4AEA-AA66-E17EB604C303}.Ad-Hoc|x86.ActiveCfg = Debug|x86
		{82DA6BF2-10EE-4AEA-AA66-E17EB604C303}.Ad-Hoc|x86.Build.0 = Debug|x86
		{82DA6BF2-10EE-4AEA-AA66-E17EB604C303}.Ad-Hoc|x86.Deploy.0 = Debug|x86
		{82DA6BF2-10EE-4AEA-AA66-E17EB604C303}.AppStore|Any CPU.ActiveCfg = Debug|x86
		{82DA6BF2-10EE-4AEA-AA66-E17EB604C303}.AppStore|Any CPU.Build.0 = Debug|x86
		{82DA6BF2-10EE-4AEA-AA66-E17EB604C303}.AppStore|Any CPU.Deploy.0 = Debug|x86
		{82DA6BF2-10EE-4AEA-AA66-E17EB604C303}.AppStore|ARM.ActiveCfg = Debug|ARM
		{82DA6BF2-10EE-4AEA-AA66-E17EB604C303}.AppStore|ARM.Build.0 = Debug|ARM
		{82DA6BF2-10EE-4AEA-AA66-E17EB604C303}.AppStore|ARM.Deploy.0 = Debug|ARM
		{82DA6BF2-10EE-4AEA-AA66-E17EB604C303}.AppStore|ARM64.ActiveCfg = Debug|ARM64
		{82DA6BF2-10EE-4AEA-AA66-E17EB604C303}.AppStore|ARM64.Build.0 = Debug|ARM64
		{82DA6BF2-10EE-4AEA-AA66-E17EB604C303}.AppStore|ARM64.Deploy.0 = Debug|ARM64
		{82DA6BF2-10EE-4AEA-AA66-E17EB604C303}.AppStore|iPhone.ActiveCfg = Debug|x86
		{82DA6BF2-10EE-4AEA-AA66-E17EB604C303}.AppStore|iPhone.Build.0 = Debug|x86
		{82DA6BF2-10EE-4AEA-AA66-E17EB604C303}.AppStore|iPhone.Deploy.0 = Debug|x86
		{82DA6BF2-10EE-4AEA-AA66-E17EB604C303}.AppStore|iPhoneSimulator.ActiveCfg = Debug|x86
		{82DA6BF2-10EE-4AEA-AA66-E17EB604C303}.AppStore|iPhoneSimulator.Build.0 = Debug|x86
		{82DA6BF2-10EE-4AEA-AA66-E17EB604C303}.AppStore|iPhoneSimulator.Deploy.0 = Debug|x86
		{82DA6BF2-10EE-4AEA-AA66-E17EB604C303}.AppStore|x64.ActiveCfg = Debug|x64
		{82DA6BF2-10EE-4AEA-AA66-E17EB604C303}.AppStore|x64.Build.0 = Debug|x64
		{82DA6BF2-10EE-4AEA-AA66-E17EB604C303}.AppStore|x64.Deploy.0 = Debug|x64
		{82DA6BF2-10EE-4AEA-AA66-E17EB604C303}.AppStore|x86.ActiveCfg = Debug|x86
		{82DA6BF2-10EE-4AEA-AA66-E17EB604C303}.AppStore|x86.Build.0 = Debug|x86
		{82DA6BF2-10EE-4AEA-AA66-E17EB604C303}.AppStore|x86.Deploy.0 = Debug|x86
		{82DA6BF2-10EE-4AEA-AA66-E17EB604C303}.Debug|Any CPU.ActiveCfg = Debug|x86
		{82DA6BF2-10EE-4AEA-AA66-E17EB604C303}.Debug|Any CPU.Build.0 = Debug|x86
		{82DA6BF2-10EE-4AEA-AA66-E17EB604C303}.Debug|Any CPU.Deploy.0 = Debug|x86
		{82DA6BF2-10EE-4AEA-AA66-E17EB604C303}.Debug|ARM.ActiveCfg = Debug|ARM
		{82DA6BF2-10EE-4AEA-AA66-E17EB604C303}.Debug|ARM.Build.0 = Debug|ARM
		{82DA6BF2-10EE-4AEA-AA66-E17EB604C303}.Debug|ARM.Deploy.0 = Debug|ARM
		{82DA6BF2-10EE-4AEA-AA66-E17EB604C303}.Debug|ARM64.ActiveCfg = Debug|ARM64
		{82DA6BF2-10EE-4AEA-AA66-E17EB604C303}.Debug|ARM64.Build.0 = Debug|ARM64
		{82DA6BF2-10EE-4AEA-AA66-E17EB604C303}.Debug|ARM64.Deploy.0 = Debug|ARM64
		{82DA6BF2-10EE-4AEA-AA66-E17EB604C303}.Debug|iPhone.ActiveCfg = Debug|x86
		{82DA6BF2-10EE-4AEA-AA66-E17EB604C303}.Debug|iPhoneSimulator.ActiveCfg = Debug|x86
		{82DA6BF2-10EE-4AEA-AA66-E17EB604C303}.Debug|x64.ActiveCfg = Debug|x64
		{82DA6BF2-10EE-4AEA-AA66-E17EB604C303}.Debug|x64.Build.0 = Debug|x64
		{82DA6BF2-10EE-4AEA-AA66-E17EB604C303}.Debug|x64.Deploy.0 = Debug|x64
		{82DA6BF2-10EE-4AEA-AA66-E17EB604C303}.Debug|x86.ActiveCfg = Debug|x86
		{82DA6BF2-10EE-4AEA-AA66-E17EB604C303}.Debug|x86.Build.0 = Debug|x86
		{82DA6BF2-10EE-4AEA-AA66-E17EB604C303}.Debug|x86.Deploy.0 = Debug|x86
		{82DA6BF2-10EE-4AEA-AA66-E17EB604C303}.Release|Any CPU.ActiveCfg = Release|x86
		{82DA6BF2-10EE-4AEA-AA66-E17EB604C303}.Release|ARM.ActiveCfg = Release|ARM
		{82DA6BF2-10EE-4AEA-AA66-E17EB604C303}.Release|ARM.Build.0 = Release|ARM
		{82DA6BF2-10EE-4AEA-AA66-E17EB604C303}.Release|ARM.Deploy.0 = Release|ARM
		{82DA6BF2-10EE-4AEA-AA66-E17EB604C303}.Release|ARM64.ActiveCfg = Release|ARM64
		{82DA6BF2-10EE-4AEA-AA66-E17EB604C303}.Release|ARM64.Build.0 = Release|ARM64
		{82DA6BF2-10EE-4AEA-AA66-E17EB604C303}.Release|ARM64.Deploy.0 = Release|ARM64
		{82DA6BF2-10EE-4AEA-AA66-E17EB604C303}.Release|iPhone.ActiveCfg = Release|x86
		{82DA6BF2-10EE-4AEA-AA66-E17EB604C303}.Release|iPhoneSimulator.ActiveCfg = Release|x86
		{82DA6BF2-10EE-4AEA-AA66-E17EB604C303}.Release|x64.ActiveCfg = Release|x64
		{82DA6BF2-10EE-4AEA-AA66-E17EB604C303}.Release|x64.Build.0 = Release|x64
		{82DA6BF2-10EE-4AEA-AA66-E17EB604C303}.Release|x64.Deploy.0 = Release|x64
		{82DA6BF2-10EE-4AEA-AA66-E17EB604C303}.Release|x86.ActiveCfg = Release|x86
		{82DA6BF2-10EE-4AEA-AA66-E17EB604C303}.Release|x86.Build.0 = Release|x86
		{82DA6BF2-10EE-4AEA-AA66-E17EB604C303}.Release|x86.Deploy.0 = Release|x86
		{AEF59DBB-1A57-4558-AB7F-3A736AA5D7C8}.Ad-Hoc|Any CPU.ActiveCfg = Debug|Any CPU
		{AEF59DBB-1A57-4558-AB7F-3A736AA5D7C8}.Ad-Hoc|Any CPU.Build.0 = Debug|Any CPU
		{AEF59DBB-1A57-4558-AB7F-3A736AA5D7C8}.Ad-Hoc|ARM.ActiveCfg = Debug|Any CPU
		{AEF59DBB-1A57-4558-AB7F-3A736AA5D7C8}.Ad-Hoc|ARM.Build.0 = Debug|Any CPU
		{AEF59DBB-1A57-4558-AB7F-3A736AA5D7C8}.Ad-Hoc|ARM64.ActiveCfg = Debug|Any CPU
		{AEF59DBB-1A57-4558-AB7F-3A736AA5D7C8}.Ad-Hoc|ARM64.Build.0 = Debug|Any CPU
		{AEF59DBB-1A57-4558-AB7F-3A736AA5D7C8}.Ad-Hoc|iPhone.ActiveCfg = Debug|Any CPU
		{AEF59DBB-1A57-4558-AB7F-3A736AA5D7C8}.Ad-Hoc|iPhone.Build.0 = Debug|Any CPU
		{AEF59DBB-1A57-4558-AB7F-3A736AA5D7C8}.Ad-Hoc|iPhoneSimulator.ActiveCfg = Debug|Any CPU
		{AEF59DBB-1A57-4558-AB7F-3A736AA5D7C8}.Ad-Hoc|iPhoneSimulator.Build.0 = Debug|Any CPU
		{AEF59DBB-1A57-4558-AB7F-3A736AA5D7C8}.Ad-Hoc|x64.ActiveCfg = Debug|Any CPU
		{AEF59DBB-1A57-4558-AB7F-3A736AA5D7C8}.Ad-Hoc|x64.Build.0 = Debug|Any CPU
		{AEF59DBB-1A57-4558-AB7F-3A736AA5D7C8}.Ad-Hoc|x86.ActiveCfg = Debug|Any CPU
		{AEF59DBB-1A57-4558-AB7F-3A736AA5D7C8}.Ad-Hoc|x86.Build.0 = Debug|Any CPU
		{AEF59DBB-1A57-4558-AB7F-3A736AA5D7C8}.AppStore|Any CPU.ActiveCfg = Debug|Any CPU
		{AEF59DBB-1A57-4558-AB7F-3A736AA5D7C8}.AppStore|Any CPU.Build.0 = Debug|Any CPU
		{AEF59DBB-1A57-4558-AB7F-3A736AA5D7C8}.AppStore|ARM.ActiveCfg = Debug|Any CPU
		{AEF59DBB-1A57-4558-AB7F-3A736AA5D7C8}.AppStore|ARM.Build.0 = Debug|Any CPU
		{AEF59DBB-1A57-4558-AB7F-3A736AA5D7C8}.AppStore|ARM64.ActiveCfg = Debug|Any CPU
		{AEF59DBB-1A57-4558-AB7F-3A736AA5D7C8}.AppStore|ARM64.Build.0 = Debug|Any CPU
		{AEF59DBB-1A57-4558-AB7F-3A736AA5D7C8}.AppStore|iPhone.ActiveCfg = Debug|Any CPU
		{AEF59DBB-1A57-4558-AB7F-3A736AA5D7C8}.AppStore|iPhone.Build.0 = Debug|Any CPU
		{AEF59DBB-1A57-4558-AB7F-3A736AA5D7C8}.AppStore|iPhoneSimulator.ActiveCfg = Debug|Any CPU
		{AEF59DBB-1A57-4558-AB7F-3A736AA5D7C8}.AppStore|iPhoneSimulator.Build.0 = Debug|Any CPU
		{AEF59DBB-1A57-4558-AB7F-3A736AA5D7C8}.AppStore|x64.ActiveCfg = Debug|Any CPU
		{AEF59DBB-1A57-4558-AB7F-3A736AA5D7C8}.AppStore|x64.Build.0 = Debug|Any CPU
		{AEF59DBB-1A57-4558-AB7F-3A736AA5D7C8}.AppStore|x86.ActiveCfg = Debug|Any CPU
		{AEF59DBB-1A57-4558-AB7F-3A736AA5D7C8}.AppStore|x86.Build.0 = Debug|Any CPU
		{AEF59DBB-1A57-4558-AB7F-3A736AA5D7C8}.Debug|Any CPU.ActiveCfg = Debug|Any CPU
		{AEF59DBB-1A57-4558-AB7F-3A736AA5D7C8}.Debug|Any CPU.Build.0 = Debug|Any CPU
		{AEF59DBB-1A57-4558-AB7F-3A736AA5D7C8}.Debug|ARM.ActiveCfg = Debug|Any CPU
		{AEF59DBB-1A57-4558-AB7F-3A736AA5D7C8}.Debug|ARM.Build.0 = Debug|Any CPU
		{AEF59DBB-1A57-4558-AB7F-3A736AA5D7C8}.Debug|ARM64.ActiveCfg = Debug|Any CPU
		{AEF59DBB-1A57-4558-AB7F-3A736AA5D7C8}.Debug|ARM64.Build.0 = Debug|Any CPU
		{AEF59DBB-1A57-4558-AB7F-3A736AA5D7C8}.Debug|iPhone.ActiveCfg = Debug|Any CPU
		{AEF59DBB-1A57-4558-AB7F-3A736AA5D7C8}.Debug|iPhone.Build.0 = Debug|Any CPU
		{AEF59DBB-1A57-4558-AB7F-3A736AA5D7C8}.Debug|iPhoneSimulator.ActiveCfg = Debug|Any CPU
		{AEF59DBB-1A57-4558-AB7F-3A736AA5D7C8}.Debug|iPhoneSimulator.Build.0 = Debug|Any CPU
		{AEF59DBB-1A57-4558-AB7F-3A736AA5D7C8}.Debug|x64.ActiveCfg = Debug|Any CPU
		{AEF59DBB-1A57-4558-AB7F-3A736AA5D7C8}.Debug|x64.Build.0 = Debug|Any CPU
		{AEF59DBB-1A57-4558-AB7F-3A736AA5D7C8}.Debug|x86.ActiveCfg = Debug|Any CPU
		{AEF59DBB-1A57-4558-AB7F-3A736AA5D7C8}.Debug|x86.Build.0 = Debug|Any CPU
		{AEF59DBB-1A57-4558-AB7F-3A736AA5D7C8}.Release|Any CPU.ActiveCfg = Release|Any CPU
		{AEF59DBB-1A57-4558-AB7F-3A736AA5D7C8}.Release|Any CPU.Build.0 = Release|Any CPU
		{AEF59DBB-1A57-4558-AB7F-3A736AA5D7C8}.Release|ARM.ActiveCfg = Release|Any CPU
		{AEF59DBB-1A57-4558-AB7F-3A736AA5D7C8}.Release|ARM.Build.0 = Release|Any CPU
		{AEF59DBB-1A57-4558-AB7F-3A736AA5D7C8}.Release|ARM64.ActiveCfg = Release|Any CPU
		{AEF59DBB-1A57-4558-AB7F-3A736AA5D7C8}.Release|ARM64.Build.0 = Release|Any CPU
		{AEF59DBB-1A57-4558-AB7F-3A736AA5D7C8}.Release|iPhone.ActiveCfg = Release|Any CPU
		{AEF59DBB-1A57-4558-AB7F-3A736AA5D7C8}.Release|iPhone.Build.0 = Release|Any CPU
		{AEF59DBB-1A57-4558-AB7F-3A736AA5D7C8}.Release|iPhoneSimulator.ActiveCfg = Release|Any CPU
		{AEF59DBB-1A57-4558-AB7F-3A736AA5D7C8}.Release|iPhoneSimulator.Build.0 = Release|Any CPU
		{AEF59DBB-1A57-4558-AB7F-3A736AA5D7C8}.Release|x64.ActiveCfg = Release|Any CPU
		{AEF59DBB-1A57-4558-AB7F-3A736AA5D7C8}.Release|x64.Build.0 = Release|Any CPU
		{AEF59DBB-1A57-4558-AB7F-3A736AA5D7C8}.Release|x86.ActiveCfg = Release|Any CPU
		{AEF59DBB-1A57-4558-AB7F-3A736AA5D7C8}.Release|x86.Build.0 = Release|Any CPU
		{09AF5AA6-F3CC-49EA-AD36-27D3E2FAD45E}.Ad-Hoc|Any CPU.ActiveCfg = Debug|iPhoneSimulator
		{09AF5AA6-F3CC-49EA-AD36-27D3E2FAD45E}.Ad-Hoc|Any CPU.Build.0 = Debug|iPhoneSimulator
		{09AF5AA6-F3CC-49EA-AD36-27D3E2FAD45E}.Ad-Hoc|ARM.ActiveCfg = Debug|iPhoneSimulator
		{09AF5AA6-F3CC-49EA-AD36-27D3E2FAD45E}.Ad-Hoc|ARM.Build.0 = Debug|iPhoneSimulator
		{09AF5AA6-F3CC-49EA-AD36-27D3E2FAD45E}.Ad-Hoc|ARM64.ActiveCfg = Debug|iPhoneSimulator
		{09AF5AA6-F3CC-49EA-AD36-27D3E2FAD45E}.Ad-Hoc|ARM64.Build.0 = Debug|iPhoneSimulator
		{09AF5AA6-F3CC-49EA-AD36-27D3E2FAD45E}.Ad-Hoc|iPhone.ActiveCfg = Debug|iPhoneSimulator
		{09AF5AA6-F3CC-49EA-AD36-27D3E2FAD45E}.Ad-Hoc|iPhone.Build.0 = Debug|iPhoneSimulator
		{09AF5AA6-F3CC-49EA-AD36-27D3E2FAD45E}.Ad-Hoc|iPhoneSimulator.ActiveCfg = Debug|iPhoneSimulator
		{09AF5AA6-F3CC-49EA-AD36-27D3E2FAD45E}.Ad-Hoc|iPhoneSimulator.Build.0 = Debug|iPhoneSimulator
		{09AF5AA6-F3CC-49EA-AD36-27D3E2FAD45E}.Ad-Hoc|x64.ActiveCfg = Debug|iPhoneSimulator
		{09AF5AA6-F3CC-49EA-AD36-27D3E2FAD45E}.Ad-Hoc|x64.Build.0 = Debug|iPhoneSimulator
		{09AF5AA6-F3CC-49EA-AD36-27D3E2FAD45E}.Ad-Hoc|x86.ActiveCfg = Debug|iPhoneSimulator
		{09AF5AA6-F3CC-49EA-AD36-27D3E2FAD45E}.Ad-Hoc|x86.Build.0 = Debug|iPhoneSimulator
		{09AF5AA6-F3CC-49EA-AD36-27D3E2FAD45E}.AppStore|Any CPU.ActiveCfg = Debug|iPhoneSimulator
		{09AF5AA6-F3CC-49EA-AD36-27D3E2FAD45E}.AppStore|Any CPU.Build.0 = Debug|iPhoneSimulator
		{09AF5AA6-F3CC-49EA-AD36-27D3E2FAD45E}.AppStore|ARM.ActiveCfg = Debug|iPhoneSimulator
		{09AF5AA6-F3CC-49EA-AD36-27D3E2FAD45E}.AppStore|ARM.Build.0 = Debug|iPhoneSimulator
		{09AF5AA6-F3CC-49EA-AD36-27D3E2FAD45E}.AppStore|ARM64.ActiveCfg = Debug|iPhoneSimulator
		{09AF5AA6-F3CC-49EA-AD36-27D3E2FAD45E}.AppStore|ARM64.Build.0 = Debug|iPhoneSimulator
		{09AF5AA6-F3CC-49EA-AD36-27D3E2FAD45E}.AppStore|iPhone.ActiveCfg = Debug|iPhoneSimulator
		{09AF5AA6-F3CC-49EA-AD36-27D3E2FAD45E}.AppStore|iPhone.Build.0 = Debug|iPhoneSimulator
		{09AF5AA6-F3CC-49EA-AD36-27D3E2FAD45E}.AppStore|iPhoneSimulator.ActiveCfg = Debug|iPhoneSimulator
		{09AF5AA6-F3CC-49EA-AD36-27D3E2FAD45E}.AppStore|iPhoneSimulator.Build.0 = Debug|iPhoneSimulator
		{09AF5AA6-F3CC-49EA-AD36-27D3E2FAD45E}.AppStore|x64.ActiveCfg = Debug|iPhoneSimulator
		{09AF5AA6-F3CC-49EA-AD36-27D3E2FAD45E}.AppStore|x64.Build.0 = Debug|iPhoneSimulator
		{09AF5AA6-F3CC-49EA-AD36-27D3E2FAD45E}.AppStore|x86.ActiveCfg = Debug|iPhoneSimulator
		{09AF5AA6-F3CC-49EA-AD36-27D3E2FAD45E}.AppStore|x86.Build.0 = Debug|iPhoneSimulator
		{09AF5AA6-F3CC-49EA-AD36-27D3E2FAD45E}.Debug|Any CPU.ActiveCfg = Debug|iPhoneSimulator
		{09AF5AA6-F3CC-49EA-AD36-27D3E2FAD45E}.Debug|ARM.ActiveCfg = Debug|iPhoneSimulator
		{09AF5AA6-F3CC-49EA-AD36-27D3E2FAD45E}.Debug|ARM64.ActiveCfg = Debug|iPhoneSimulator
		{09AF5AA6-F3CC-49EA-AD36-27D3E2FAD45E}.Debug|iPhone.ActiveCfg = Debug|iPhoneSimulator
		{09AF5AA6-F3CC-49EA-AD36-27D3E2FAD45E}.Debug|iPhoneSimulator.ActiveCfg = Debug|iPhoneSimulator
		{09AF5AA6-F3CC-49EA-AD36-27D3E2FAD45E}.Debug|iPhoneSimulator.Build.0 = Debug|iPhoneSimulator
		{09AF5AA6-F3CC-49EA-AD36-27D3E2FAD45E}.Debug|x64.ActiveCfg = Debug|iPhoneSimulator
		{09AF5AA6-F3CC-49EA-AD36-27D3E2FAD45E}.Debug|x86.ActiveCfg = Debug|iPhoneSimulator
		{09AF5AA6-F3CC-49EA-AD36-27D3E2FAD45E}.Debug|x86.Build.0 = Debug|iPhoneSimulator
		{09AF5AA6-F3CC-49EA-AD36-27D3E2FAD45E}.Release|Any CPU.ActiveCfg = Release|iPhoneSimulator
		{09AF5AA6-F3CC-49EA-AD36-27D3E2FAD45E}.Release|ARM.ActiveCfg = Release|iPhoneSimulator
		{09AF5AA6-F3CC-49EA-AD36-27D3E2FAD45E}.Release|ARM64.ActiveCfg = Release|iPhoneSimulator
		{09AF5AA6-F3CC-49EA-AD36-27D3E2FAD45E}.Release|iPhone.ActiveCfg = Release|iPhoneSimulator
		{09AF5AA6-F3CC-49EA-AD36-27D3E2FAD45E}.Release|iPhoneSimulator.ActiveCfg = Release|iPhoneSimulator
		{09AF5AA6-F3CC-49EA-AD36-27D3E2FAD45E}.Release|iPhoneSimulator.Build.0 = Release|iPhoneSimulator
		{09AF5AA6-F3CC-49EA-AD36-27D3E2FAD45E}.Release|x64.ActiveCfg = Release|iPhoneSimulator
		{09AF5AA6-F3CC-49EA-AD36-27D3E2FAD45E}.Release|x86.ActiveCfg = Release|iPhoneSimulator
		{C2F4F69E-CF12-4664-8604-E2856B43C928}.Ad-Hoc|Any CPU.ActiveCfg = Debug|Any CPU
		{C2F4F69E-CF12-4664-8604-E2856B43C928}.Ad-Hoc|Any CPU.Build.0 = Debug|Any CPU
		{C2F4F69E-CF12-4664-8604-E2856B43C928}.Ad-Hoc|ARM.ActiveCfg = Debug|Any CPU
		{C2F4F69E-CF12-4664-8604-E2856B43C928}.Ad-Hoc|ARM.Build.0 = Debug|Any CPU
		{C2F4F69E-CF12-4664-8604-E2856B43C928}.Ad-Hoc|ARM64.ActiveCfg = Debug|Any CPU
		{C2F4F69E-CF12-4664-8604-E2856B43C928}.Ad-Hoc|ARM64.Build.0 = Debug|Any CPU
		{C2F4F69E-CF12-4664-8604-E2856B43C928}.Ad-Hoc|iPhone.ActiveCfg = Debug|Any CPU
		{C2F4F69E-CF12-4664-8604-E2856B43C928}.Ad-Hoc|iPhone.Build.0 = Debug|Any CPU
		{C2F4F69E-CF12-4664-8604-E2856B43C928}.Ad-Hoc|iPhoneSimulator.ActiveCfg = Debug|Any CPU
		{C2F4F69E-CF12-4664-8604-E2856B43C928}.Ad-Hoc|iPhoneSimulator.Build.0 = Debug|Any CPU
		{C2F4F69E-CF12-4664-8604-E2856B43C928}.Ad-Hoc|x64.ActiveCfg = Debug|Any CPU
		{C2F4F69E-CF12-4664-8604-E2856B43C928}.Ad-Hoc|x64.Build.0 = Debug|Any CPU
		{C2F4F69E-CF12-4664-8604-E2856B43C928}.Ad-Hoc|x86.ActiveCfg = Debug|Any CPU
		{C2F4F69E-CF12-4664-8604-E2856B43C928}.Ad-Hoc|x86.Build.0 = Debug|Any CPU
		{C2F4F69E-CF12-4664-8604-E2856B43C928}.AppStore|Any CPU.ActiveCfg = Debug|Any CPU
		{C2F4F69E-CF12-4664-8604-E2856B43C928}.AppStore|Any CPU.Build.0 = Debug|Any CPU
		{C2F4F69E-CF12-4664-8604-E2856B43C928}.AppStore|ARM.ActiveCfg = Debug|Any CPU
		{C2F4F69E-CF12-4664-8604-E2856B43C928}.AppStore|ARM.Build.0 = Debug|Any CPU
		{C2F4F69E-CF12-4664-8604-E2856B43C928}.AppStore|ARM64.ActiveCfg = Debug|Any CPU
		{C2F4F69E-CF12-4664-8604-E2856B43C928}.AppStore|ARM64.Build.0 = Debug|Any CPU
		{C2F4F69E-CF12-4664-8604-E2856B43C928}.AppStore|iPhone.ActiveCfg = Debug|Any CPU
		{C2F4F69E-CF12-4664-8604-E2856B43C928}.AppStore|iPhone.Build.0 = Debug|Any CPU
		{C2F4F69E-CF12-4664-8604-E2856B43C928}.AppStore|iPhoneSimulator.ActiveCfg = Debug|Any CPU
		{C2F4F69E-CF12-4664-8604-E2856B43C928}.AppStore|iPhoneSimulator.Build.0 = Debug|Any CPU
		{C2F4F69E-CF12-4664-8604-E2856B43C928}.AppStore|x64.ActiveCfg = Debug|Any CPU
		{C2F4F69E-CF12-4664-8604-E2856B43C928}.AppStore|x64.Build.0 = Debug|Any CPU
		{C2F4F69E-CF12-4664-8604-E2856B43C928}.AppStore|x86.ActiveCfg = Debug|Any CPU
		{C2F4F69E-CF12-4664-8604-E2856B43C928}.AppStore|x86.Build.0 = Debug|Any CPU
		{C2F4F69E-CF12-4664-8604-E2856B43C928}.Debug|Any CPU.ActiveCfg = Debug|Any CPU
		{C2F4F69E-CF12-4664-8604-E2856B43C928}.Debug|Any CPU.Build.0 = Debug|Any CPU
		{C2F4F69E-CF12-4664-8604-E2856B43C928}.Debug|ARM.ActiveCfg = Debug|Any CPU
		{C2F4F69E-CF12-4664-8604-E2856B43C928}.Debug|ARM.Build.0 = Debug|Any CPU
		{C2F4F69E-CF12-4664-8604-E2856B43C928}.Debug|ARM64.ActiveCfg = Debug|Any CPU
		{C2F4F69E-CF12-4664-8604-E2856B43C928}.Debug|ARM64.Build.0 = Debug|Any CPU
		{C2F4F69E-CF12-4664-8604-E2856B43C928}.Debug|iPhone.ActiveCfg = Debug|Any CPU
		{C2F4F69E-CF12-4664-8604-E2856B43C928}.Debug|iPhone.Build.0 = Debug|Any CPU
		{C2F4F69E-CF12-4664-8604-E2856B43C928}.Debug|iPhoneSimulator.ActiveCfg = Debug|Any CPU
		{C2F4F69E-CF12-4664-8604-E2856B43C928}.Debug|iPhoneSimulator.Build.0 = Debug|Any CPU
		{C2F4F69E-CF12-4664-8604-E2856B43C928}.Debug|x64.ActiveCfg = Debug|Any CPU
		{C2F4F69E-CF12-4664-8604-E2856B43C928}.Debug|x64.Build.0 = Debug|Any CPU
		{C2F4F69E-CF12-4664-8604-E2856B43C928}.Debug|x86.ActiveCfg = Debug|Any CPU
		{C2F4F69E-CF12-4664-8604-E2856B43C928}.Debug|x86.Build.0 = Debug|Any CPU
		{C2F4F69E-CF12-4664-8604-E2856B43C928}.Release|Any CPU.ActiveCfg = Release|Any CPU
		{C2F4F69E-CF12-4664-8604-E2856B43C928}.Release|Any CPU.Build.0 = Release|Any CPU
		{C2F4F69E-CF12-4664-8604-E2856B43C928}.Release|ARM.ActiveCfg = Release|Any CPU
		{C2F4F69E-CF12-4664-8604-E2856B43C928}.Release|ARM.Build.0 = Release|Any CPU
		{C2F4F69E-CF12-4664-8604-E2856B43C928}.Release|ARM64.ActiveCfg = Release|Any CPU
		{C2F4F69E-CF12-4664-8604-E2856B43C928}.Release|ARM64.Build.0 = Release|Any CPU
		{C2F4F69E-CF12-4664-8604-E2856B43C928}.Release|iPhone.ActiveCfg = Release|Any CPU
		{C2F4F69E-CF12-4664-8604-E2856B43C928}.Release|iPhone.Build.0 = Release|Any CPU
		{C2F4F69E-CF12-4664-8604-E2856B43C928}.Release|iPhoneSimulator.ActiveCfg = Release|Any CPU
		{C2F4F69E-CF12-4664-8604-E2856B43C928}.Release|iPhoneSimulator.Build.0 = Release|Any CPU
		{C2F4F69E-CF12-4664-8604-E2856B43C928}.Release|x64.ActiveCfg = Release|Any CPU
		{C2F4F69E-CF12-4664-8604-E2856B43C928}.Release|x64.Build.0 = Release|Any CPU
		{C2F4F69E-CF12-4664-8604-E2856B43C928}.Release|x86.ActiveCfg = Release|Any CPU
		{C2F4F69E-CF12-4664-8604-E2856B43C928}.Release|x86.Build.0 = Release|Any CPU
		{C6B01CC9-DA9C-419E-92A9-314B5A759B18}.Ad-Hoc|Any CPU.ActiveCfg = Debug|Any CPU
		{C6B01CC9-DA9C-419E-92A9-314B5A759B18}.Ad-Hoc|Any CPU.Build.0 = Debug|Any CPU
		{C6B01CC9-DA9C-419E-92A9-314B5A759B18}.Ad-Hoc|ARM.ActiveCfg = Debug|Any CPU
		{C6B01CC9-DA9C-419E-92A9-314B5A759B18}.Ad-Hoc|ARM.Build.0 = Debug|Any CPU
		{C6B01CC9-DA9C-419E-92A9-314B5A759B18}.Ad-Hoc|ARM64.ActiveCfg = Debug|Any CPU
		{C6B01CC9-DA9C-419E-92A9-314B5A759B18}.Ad-Hoc|ARM64.Build.0 = Debug|Any CPU
		{C6B01CC9-DA9C-419E-92A9-314B5A759B18}.Ad-Hoc|iPhone.ActiveCfg = Debug|Any CPU
		{C6B01CC9-DA9C-419E-92A9-314B5A759B18}.Ad-Hoc|iPhone.Build.0 = Debug|Any CPU
		{C6B01CC9-DA9C-419E-92A9-314B5A759B18}.Ad-Hoc|iPhoneSimulator.ActiveCfg = Debug|Any CPU
		{C6B01CC9-DA9C-419E-92A9-314B5A759B18}.Ad-Hoc|iPhoneSimulator.Build.0 = Debug|Any CPU
		{C6B01CC9-DA9C-419E-92A9-314B5A759B18}.Ad-Hoc|x64.ActiveCfg = Debug|Any CPU
		{C6B01CC9-DA9C-419E-92A9-314B5A759B18}.Ad-Hoc|x64.Build.0 = Debug|Any CPU
		{C6B01CC9-DA9C-419E-92A9-314B5A759B18}.Ad-Hoc|x86.ActiveCfg = Debug|Any CPU
		{C6B01CC9-DA9C-419E-92A9-314B5A759B18}.Ad-Hoc|x86.Build.0 = Debug|Any CPU
		{C6B01CC9-DA9C-419E-92A9-314B5A759B18}.AppStore|Any CPU.ActiveCfg = Debug|Any CPU
		{C6B01CC9-DA9C-419E-92A9-314B5A759B18}.AppStore|Any CPU.Build.0 = Debug|Any CPU
		{C6B01CC9-DA9C-419E-92A9-314B5A759B18}.AppStore|ARM.ActiveCfg = Debug|Any CPU
		{C6B01CC9-DA9C-419E-92A9-314B5A759B18}.AppStore|ARM.Build.0 = Debug|Any CPU
		{C6B01CC9-DA9C-419E-92A9-314B5A759B18}.AppStore|ARM64.ActiveCfg = Debug|Any CPU
		{C6B01CC9-DA9C-419E-92A9-314B5A759B18}.AppStore|ARM64.Build.0 = Debug|Any CPU
		{C6B01CC9-DA9C-419E-92A9-314B5A759B18}.AppStore|iPhone.ActiveCfg = Debug|Any CPU
		{C6B01CC9-DA9C-419E-92A9-314B5A759B18}.AppStore|iPhone.Build.0 = Debug|Any CPU
		{C6B01CC9-DA9C-419E-92A9-314B5A759B18}.AppStore|iPhoneSimulator.ActiveCfg = Debug|Any CPU
		{C6B01CC9-DA9C-419E-92A9-314B5A759B18}.AppStore|iPhoneSimulator.Build.0 = Debug|Any CPU
		{C6B01CC9-DA9C-419E-92A9-314B5A759B18}.AppStore|x64.ActiveCfg = Debug|Any CPU
		{C6B01CC9-DA9C-419E-92A9-314B5A759B18}.AppStore|x64.Build.0 = Debug|Any CPU
		{C6B01CC9-DA9C-419E-92A9-314B5A759B18}.AppStore|x86.ActiveCfg = Debug|Any CPU
		{C6B01CC9-DA9C-419E-92A9-314B5A759B18}.AppStore|x86.Build.0 = Debug|Any CPU
		{C6B01CC9-DA9C-419E-92A9-314B5A759B18}.Debug|Any CPU.ActiveCfg = Debug|Any CPU
		{C6B01CC9-DA9C-419E-92A9-314B5A759B18}.Debug|Any CPU.Build.0 = Debug|Any CPU
		{C6B01CC9-DA9C-419E-92A9-314B5A759B18}.Debug|ARM.ActiveCfg = Debug|Any CPU
		{C6B01CC9-DA9C-419E-92A9-314B5A759B18}.Debug|ARM.Build.0 = Debug|Any CPU
		{C6B01CC9-DA9C-419E-92A9-314B5A759B18}.Debug|ARM64.ActiveCfg = Debug|Any CPU
		{C6B01CC9-DA9C-419E-92A9-314B5A759B18}.Debug|ARM64.Build.0 = Debug|Any CPU
		{C6B01CC9-DA9C-419E-92A9-314B5A759B18}.Debug|iPhone.ActiveCfg = Debug|Any CPU
		{C6B01CC9-DA9C-419E-92A9-314B5A759B18}.Debug|iPhone.Build.0 = Debug|Any CPU
		{C6B01CC9-DA9C-419E-92A9-314B5A759B18}.Debug|iPhoneSimulator.ActiveCfg = Debug|Any CPU
		{C6B01CC9-DA9C-419E-92A9-314B5A759B18}.Debug|iPhoneSimulator.Build.0 = Debug|Any CPU
		{C6B01CC9-DA9C-419E-92A9-314B5A759B18}.Debug|x64.ActiveCfg = Debug|Any CPU
		{C6B01CC9-DA9C-419E-92A9-314B5A759B18}.Debug|x64.Build.0 = Debug|Any CPU
		{C6B01CC9-DA9C-419E-92A9-314B5A759B18}.Debug|x86.ActiveCfg = Debug|Any CPU
		{C6B01CC9-DA9C-419E-92A9-314B5A759B18}.Debug|x86.Build.0 = Debug|Any CPU
		{C6B01CC9-DA9C-419E-92A9-314B5A759B18}.Release|Any CPU.ActiveCfg = Release|Any CPU
		{C6B01CC9-DA9C-419E-92A9-314B5A759B18}.Release|Any CPU.Build.0 = Release|Any CPU
		{C6B01CC9-DA9C-419E-92A9-314B5A759B18}.Release|ARM.ActiveCfg = Release|Any CPU
		{C6B01CC9-DA9C-419E-92A9-314B5A759B18}.Release|ARM.Build.0 = Release|Any CPU
		{C6B01CC9-DA9C-419E-92A9-314B5A759B18}.Release|ARM64.ActiveCfg = Release|Any CPU
		{C6B01CC9-DA9C-419E-92A9-314B5A759B18}.Release|ARM64.Build.0 = Release|Any CPU
		{C6B01CC9-DA9C-419E-92A9-314B5A759B18}.Release|iPhone.ActiveCfg = Release|Any CPU
		{C6B01CC9-DA9C-419E-92A9-314B5A759B18}.Release|iPhone.Build.0 = Release|Any CPU
		{C6B01CC9-DA9C-419E-92A9-314B5A759B18}.Release|iPhoneSimulator.ActiveCfg = Release|Any CPU
		{C6B01CC9-DA9C-419E-92A9-314B5A759B18}.Release|iPhoneSimulator.Build.0 = Release|Any CPU
		{C6B01CC9-DA9C-419E-92A9-314B5A759B18}.Release|x64.ActiveCfg = Release|Any CPU
		{C6B01CC9-DA9C-419E-92A9-314B5A759B18}.Release|x64.Build.0 = Release|Any CPU
		{C6B01CC9-DA9C-419E-92A9-314B5A759B18}.Release|x86.ActiveCfg = Release|Any CPU
		{C6B01CC9-DA9C-419E-92A9-314B5A759B18}.Release|x86.Build.0 = Release|Any CPU
		{C7B40D55-0104-4D60-A407-F71131007631}.Ad-Hoc|Any CPU.ActiveCfg = Debug|Any CPU
		{C7B40D55-0104-4D60-A407-F71131007631}.Ad-Hoc|Any CPU.Build.0 = Debug|Any CPU
		{C7B40D55-0104-4D60-A407-F71131007631}.Ad-Hoc|ARM.ActiveCfg = Debug|Any CPU
		{C7B40D55-0104-4D60-A407-F71131007631}.Ad-Hoc|ARM.Build.0 = Debug|Any CPU
		{C7B40D55-0104-4D60-A407-F71131007631}.Ad-Hoc|ARM64.ActiveCfg = Debug|Any CPU
		{C7B40D55-0104-4D60-A407-F71131007631}.Ad-Hoc|ARM64.Build.0 = Debug|Any CPU
		{C7B40D55-0104-4D60-A407-F71131007631}.Ad-Hoc|iPhone.ActiveCfg = Debug|Any CPU
		{C7B40D55-0104-4D60-A407-F71131007631}.Ad-Hoc|iPhone.Build.0 = Debug|Any CPU
		{C7B40D55-0104-4D60-A407-F71131007631}.Ad-Hoc|iPhoneSimulator.ActiveCfg = Debug|Any CPU
		{C7B40D55-0104-4D60-A407-F71131007631}.Ad-Hoc|iPhoneSimulator.Build.0 = Debug|Any CPU
		{C7B40D55-0104-4D60-A407-F71131007631}.Ad-Hoc|x64.ActiveCfg = Debug|Any CPU
		{C7B40D55-0104-4D60-A407-F71131007631}.Ad-Hoc|x64.Build.0 = Debug|Any CPU
		{C7B40D55-0104-4D60-A407-F71131007631}.Ad-Hoc|x86.ActiveCfg = Debug|Any CPU
		{C7B40D55-0104-4D60-A407-F71131007631}.Ad-Hoc|x86.Build.0 = Debug|Any CPU
		{C7B40D55-0104-4D60-A407-F71131007631}.AppStore|Any CPU.ActiveCfg = Debug|Any CPU
		{C7B40D55-0104-4D60-A407-F71131007631}.AppStore|Any CPU.Build.0 = Debug|Any CPU
		{C7B40D55-0104-4D60-A407-F71131007631}.AppStore|ARM.ActiveCfg = Debug|Any CPU
		{C7B40D55-0104-4D60-A407-F71131007631}.AppStore|ARM.Build.0 = Debug|Any CPU
		{C7B40D55-0104-4D60-A407-F71131007631}.AppStore|ARM64.ActiveCfg = Debug|Any CPU
		{C7B40D55-0104-4D60-A407-F71131007631}.AppStore|ARM64.Build.0 = Debug|Any CPU
		{C7B40D55-0104-4D60-A407-F71131007631}.AppStore|iPhone.ActiveCfg = Debug|Any CPU
		{C7B40D55-0104-4D60-A407-F71131007631}.AppStore|iPhone.Build.0 = Debug|Any CPU
		{C7B40D55-0104-4D60-A407-F71131007631}.AppStore|iPhoneSimulator.ActiveCfg = Debug|Any CPU
		{C7B40D55-0104-4D60-A407-F71131007631}.AppStore|iPhoneSimulator.Build.0 = Debug|Any CPU
		{C7B40D55-0104-4D60-A407-F71131007631}.AppStore|x64.ActiveCfg = Debug|Any CPU
		{C7B40D55-0104-4D60-A407-F71131007631}.AppStore|x64.Build.0 = Debug|Any CPU
		{C7B40D55-0104-4D60-A407-F71131007631}.AppStore|x86.ActiveCfg = Debug|Any CPU
		{C7B40D55-0104-4D60-A407-F71131007631}.AppStore|x86.Build.0 = Debug|Any CPU
		{C7B40D55-0104-4D60-A407-F71131007631}.Debug|Any CPU.ActiveCfg = Debug|Any CPU
		{C7B40D55-0104-4D60-A407-F71131007631}.Debug|Any CPU.Build.0 = Debug|Any CPU
		{C7B40D55-0104-4D60-A407-F71131007631}.Debug|ARM.ActiveCfg = Debug|Any CPU
		{C7B40D55-0104-4D60-A407-F71131007631}.Debug|ARM.Build.0 = Debug|Any CPU
		{C7B40D55-0104-4D60-A407-F71131007631}.Debug|ARM64.ActiveCfg = Debug|Any CPU
		{C7B40D55-0104-4D60-A407-F71131007631}.Debug|ARM64.Build.0 = Debug|Any CPU
		{C7B40D55-0104-4D60-A407-F71131007631}.Debug|iPhone.ActiveCfg = Debug|Any CPU
		{C7B40D55-0104-4D60-A407-F71131007631}.Debug|iPhone.Build.0 = Debug|Any CPU
		{C7B40D55-0104-4D60-A407-F71131007631}.Debug|iPhoneSimulator.ActiveCfg = Debug|Any CPU
		{C7B40D55-0104-4D60-A407-F71131007631}.Debug|iPhoneSimulator.Build.0 = Debug|Any CPU
		{C7B40D55-0104-4D60-A407-F71131007631}.Debug|x64.ActiveCfg = Debug|Any CPU
		{C7B40D55-0104-4D60-A407-F71131007631}.Debug|x64.Build.0 = Debug|Any CPU
		{C7B40D55-0104-4D60-A407-F71131007631}.Debug|x86.ActiveCfg = Debug|Any CPU
		{C7B40D55-0104-4D60-A407-F71131007631}.Debug|x86.Build.0 = Debug|Any CPU
		{C7B40D55-0104-4D60-A407-F71131007631}.Release|Any CPU.ActiveCfg = Release|Any CPU
		{C7B40D55-0104-4D60-A407-F71131007631}.Release|Any CPU.Build.0 = Release|Any CPU
		{C7B40D55-0104-4D60-A407-F71131007631}.Release|ARM.ActiveCfg = Release|Any CPU
		{C7B40D55-0104-4D60-A407-F71131007631}.Release|ARM.Build.0 = Release|Any CPU
		{C7B40D55-0104-4D60-A407-F71131007631}.Release|ARM64.ActiveCfg = Release|Any CPU
		{C7B40D55-0104-4D60-A407-F71131007631}.Release|ARM64.Build.0 = Release|Any CPU
		{C7B40D55-0104-4D60-A407-F71131007631}.Release|iPhone.ActiveCfg = Release|Any CPU
		{C7B40D55-0104-4D60-A407-F71131007631}.Release|iPhone.Build.0 = Release|Any CPU
		{C7B40D55-0104-4D60-A407-F71131007631}.Release|iPhoneSimulator.ActiveCfg = Release|Any CPU
		{C7B40D55-0104-4D60-A407-F71131007631}.Release|iPhoneSimulator.Build.0 = Release|Any CPU
		{C7B40D55-0104-4D60-A407-F71131007631}.Release|x64.ActiveCfg = Release|Any CPU
		{C7B40D55-0104-4D60-A407-F71131007631}.Release|x64.Build.0 = Release|Any CPU
		{C7B40D55-0104-4D60-A407-F71131007631}.Release|x86.ActiveCfg = Release|Any CPU
		{C7B40D55-0104-4D60-A407-F71131007631}.Release|x86.Build.0 = Release|Any CPU
		{B574B355-ACDD-4E1D-A135-7FF55DB1FE71}.Ad-Hoc|Any CPU.ActiveCfg = Debug|Any CPU
		{B574B355-ACDD-4E1D-A135-7FF55DB1FE71}.Ad-Hoc|Any CPU.Build.0 = Debug|Any CPU
		{B574B355-ACDD-4E1D-A135-7FF55DB1FE71}.Ad-Hoc|ARM.ActiveCfg = Debug|Any CPU
		{B574B355-ACDD-4E1D-A135-7FF55DB1FE71}.Ad-Hoc|ARM.Build.0 = Debug|Any CPU
		{B574B355-ACDD-4E1D-A135-7FF55DB1FE71}.Ad-Hoc|ARM64.ActiveCfg = Debug|Any CPU
		{B574B355-ACDD-4E1D-A135-7FF55DB1FE71}.Ad-Hoc|ARM64.Build.0 = Debug|Any CPU
		{B574B355-ACDD-4E1D-A135-7FF55DB1FE71}.Ad-Hoc|iPhone.ActiveCfg = Debug|Any CPU
		{B574B355-ACDD-4E1D-A135-7FF55DB1FE71}.Ad-Hoc|iPhone.Build.0 = Debug|Any CPU
		{B574B355-ACDD-4E1D-A135-7FF55DB1FE71}.Ad-Hoc|iPhoneSimulator.ActiveCfg = Debug|Any CPU
		{B574B355-ACDD-4E1D-A135-7FF55DB1FE71}.Ad-Hoc|iPhoneSimulator.Build.0 = Debug|Any CPU
		{B574B355-ACDD-4E1D-A135-7FF55DB1FE71}.Ad-Hoc|x64.ActiveCfg = Debug|Any CPU
		{B574B355-ACDD-4E1D-A135-7FF55DB1FE71}.Ad-Hoc|x64.Build.0 = Debug|Any CPU
		{B574B355-ACDD-4E1D-A135-7FF55DB1FE71}.Ad-Hoc|x86.ActiveCfg = Debug|Any CPU
		{B574B355-ACDD-4E1D-A135-7FF55DB1FE71}.Ad-Hoc|x86.Build.0 = Debug|Any CPU
		{B574B355-ACDD-4E1D-A135-7FF55DB1FE71}.AppStore|Any CPU.ActiveCfg = Debug|Any CPU
		{B574B355-ACDD-4E1D-A135-7FF55DB1FE71}.AppStore|Any CPU.Build.0 = Debug|Any CPU
		{B574B355-ACDD-4E1D-A135-7FF55DB1FE71}.AppStore|ARM.ActiveCfg = Debug|Any CPU
		{B574B355-ACDD-4E1D-A135-7FF55DB1FE71}.AppStore|ARM.Build.0 = Debug|Any CPU
		{B574B355-ACDD-4E1D-A135-7FF55DB1FE71}.AppStore|ARM64.ActiveCfg = Debug|Any CPU
		{B574B355-ACDD-4E1D-A135-7FF55DB1FE71}.AppStore|ARM64.Build.0 = Debug|Any CPU
		{B574B355-ACDD-4E1D-A135-7FF55DB1FE71}.AppStore|iPhone.ActiveCfg = Debug|Any CPU
		{B574B355-ACDD-4E1D-A135-7FF55DB1FE71}.AppStore|iPhone.Build.0 = Debug|Any CPU
		{B574B355-ACDD-4E1D-A135-7FF55DB1FE71}.AppStore|iPhoneSimulator.ActiveCfg = Debug|Any CPU
		{B574B355-ACDD-4E1D-A135-7FF55DB1FE71}.AppStore|iPhoneSimulator.Build.0 = Debug|Any CPU
		{B574B355-ACDD-4E1D-A135-7FF55DB1FE71}.AppStore|x64.ActiveCfg = Debug|Any CPU
		{B574B355-ACDD-4E1D-A135-7FF55DB1FE71}.AppStore|x64.Build.0 = Debug|Any CPU
		{B574B355-ACDD-4E1D-A135-7FF55DB1FE71}.AppStore|x86.ActiveCfg = Debug|Any CPU
		{B574B355-ACDD-4E1D-A135-7FF55DB1FE71}.AppStore|x86.Build.0 = Debug|Any CPU
		{B574B355-ACDD-4E1D-A135-7FF55DB1FE71}.Debug|Any CPU.ActiveCfg = Debug|Any CPU
		{B574B355-ACDD-4E1D-A135-7FF55DB1FE71}.Debug|Any CPU.Build.0 = Debug|Any CPU
		{B574B355-ACDD-4E1D-A135-7FF55DB1FE71}.Debug|ARM.ActiveCfg = Debug|Any CPU
		{B574B355-ACDD-4E1D-A135-7FF55DB1FE71}.Debug|ARM.Build.0 = Debug|Any CPU
		{B574B355-ACDD-4E1D-A135-7FF55DB1FE71}.Debug|ARM64.ActiveCfg = Debug|Any CPU
		{B574B355-ACDD-4E1D-A135-7FF55DB1FE71}.Debug|ARM64.Build.0 = Debug|Any CPU
		{B574B355-ACDD-4E1D-A135-7FF55DB1FE71}.Debug|iPhone.ActiveCfg = Debug|Any CPU
		{B574B355-ACDD-4E1D-A135-7FF55DB1FE71}.Debug|iPhone.Build.0 = Debug|Any CPU
		{B574B355-ACDD-4E1D-A135-7FF55DB1FE71}.Debug|iPhoneSimulator.ActiveCfg = Debug|Any CPU
		{B574B355-ACDD-4E1D-A135-7FF55DB1FE71}.Debug|iPhoneSimulator.Build.0 = Debug|Any CPU
		{B574B355-ACDD-4E1D-A135-7FF55DB1FE71}.Debug|x64.ActiveCfg = Debug|Any CPU
		{B574B355-ACDD-4E1D-A135-7FF55DB1FE71}.Debug|x64.Build.0 = Debug|Any CPU
		{B574B355-ACDD-4E1D-A135-7FF55DB1FE71}.Debug|x86.ActiveCfg = Debug|Any CPU
		{B574B355-ACDD-4E1D-A135-7FF55DB1FE71}.Debug|x86.Build.0 = Debug|Any CPU
		{B574B355-ACDD-4E1D-A135-7FF55DB1FE71}.Release|Any CPU.ActiveCfg = Release|Any CPU
		{B574B355-ACDD-4E1D-A135-7FF55DB1FE71}.Release|Any CPU.Build.0 = Release|Any CPU
		{B574B355-ACDD-4E1D-A135-7FF55DB1FE71}.Release|ARM.ActiveCfg = Release|Any CPU
		{B574B355-ACDD-4E1D-A135-7FF55DB1FE71}.Release|ARM.Build.0 = Release|Any CPU
		{B574B355-ACDD-4E1D-A135-7FF55DB1FE71}.Release|ARM64.ActiveCfg = Release|Any CPU
		{B574B355-ACDD-4E1D-A135-7FF55DB1FE71}.Release|ARM64.Build.0 = Release|Any CPU
		{B574B355-ACDD-4E1D-A135-7FF55DB1FE71}.Release|iPhone.ActiveCfg = Release|Any CPU
		{B574B355-ACDD-4E1D-A135-7FF55DB1FE71}.Release|iPhone.Build.0 = Release|Any CPU
		{B574B355-ACDD-4E1D-A135-7FF55DB1FE71}.Release|iPhoneSimulator.ActiveCfg = Release|Any CPU
		{B574B355-ACDD-4E1D-A135-7FF55DB1FE71}.Release|iPhoneSimulator.Build.0 = Release|Any CPU
		{B574B355-ACDD-4E1D-A135-7FF55DB1FE71}.Release|x64.ActiveCfg = Release|Any CPU
		{B574B355-ACDD-4E1D-A135-7FF55DB1FE71}.Release|x64.Build.0 = Release|Any CPU
		{B574B355-ACDD-4E1D-A135-7FF55DB1FE71}.Release|x86.ActiveCfg = Release|Any CPU
		{B574B355-ACDD-4E1D-A135-7FF55DB1FE71}.Release|x86.Build.0 = Release|Any CPU
		{7DE99DED-0A73-4482-8465-A9F2EC48B8D0}.Ad-Hoc|Any CPU.ActiveCfg = Debug|Any CPU
		{7DE99DED-0A73-4482-8465-A9F2EC48B8D0}.Ad-Hoc|Any CPU.Build.0 = Debug|Any CPU
		{7DE99DED-0A73-4482-8465-A9F2EC48B8D0}.Ad-Hoc|ARM.ActiveCfg = Debug|Any CPU
		{7DE99DED-0A73-4482-8465-A9F2EC48B8D0}.Ad-Hoc|ARM.Build.0 = Debug|Any CPU
		{7DE99DED-0A73-4482-8465-A9F2EC48B8D0}.Ad-Hoc|ARM64.ActiveCfg = Debug|Any CPU
		{7DE99DED-0A73-4482-8465-A9F2EC48B8D0}.Ad-Hoc|ARM64.Build.0 = Debug|Any CPU
		{7DE99DED-0A73-4482-8465-A9F2EC48B8D0}.Ad-Hoc|iPhone.ActiveCfg = Debug|Any CPU
		{7DE99DED-0A73-4482-8465-A9F2EC48B8D0}.Ad-Hoc|iPhone.Build.0 = Debug|Any CPU
		{7DE99DED-0A73-4482-8465-A9F2EC48B8D0}.Ad-Hoc|iPhoneSimulator.ActiveCfg = Debug|Any CPU
		{7DE99DED-0A73-4482-8465-A9F2EC48B8D0}.Ad-Hoc|iPhoneSimulator.Build.0 = Debug|Any CPU
		{7DE99DED-0A73-4482-8465-A9F2EC48B8D0}.Ad-Hoc|x64.ActiveCfg = Debug|Any CPU
		{7DE99DED-0A73-4482-8465-A9F2EC48B8D0}.Ad-Hoc|x64.Build.0 = Debug|Any CPU
		{7DE99DED-0A73-4482-8465-A9F2EC48B8D0}.Ad-Hoc|x86.ActiveCfg = Debug|Any CPU
		{7DE99DED-0A73-4482-8465-A9F2EC48B8D0}.Ad-Hoc|x86.Build.0 = Debug|Any CPU
		{7DE99DED-0A73-4482-8465-A9F2EC48B8D0}.AppStore|Any CPU.ActiveCfg = Debug|Any CPU
		{7DE99DED-0A73-4482-8465-A9F2EC48B8D0}.AppStore|Any CPU.Build.0 = Debug|Any CPU
		{7DE99DED-0A73-4482-8465-A9F2EC48B8D0}.AppStore|ARM.ActiveCfg = Debug|Any CPU
		{7DE99DED-0A73-4482-8465-A9F2EC48B8D0}.AppStore|ARM.Build.0 = Debug|Any CPU
		{7DE99DED-0A73-4482-8465-A9F2EC48B8D0}.AppStore|ARM64.ActiveCfg = Debug|Any CPU
		{7DE99DED-0A73-4482-8465-A9F2EC48B8D0}.AppStore|ARM64.Build.0 = Debug|Any CPU
		{7DE99DED-0A73-4482-8465-A9F2EC48B8D0}.AppStore|iPhone.ActiveCfg = Debug|Any CPU
		{7DE99DED-0A73-4482-8465-A9F2EC48B8D0}.AppStore|iPhone.Build.0 = Debug|Any CPU
		{7DE99DED-0A73-4482-8465-A9F2EC48B8D0}.AppStore|iPhoneSimulator.ActiveCfg = Debug|Any CPU
		{7DE99DED-0A73-4482-8465-A9F2EC48B8D0}.AppStore|iPhoneSimulator.Build.0 = Debug|Any CPU
		{7DE99DED-0A73-4482-8465-A9F2EC48B8D0}.AppStore|x64.ActiveCfg = Debug|Any CPU
		{7DE99DED-0A73-4482-8465-A9F2EC48B8D0}.AppStore|x64.Build.0 = Debug|Any CPU
		{7DE99DED-0A73-4482-8465-A9F2EC48B8D0}.AppStore|x86.ActiveCfg = Debug|Any CPU
		{7DE99DED-0A73-4482-8465-A9F2EC48B8D0}.AppStore|x86.Build.0 = Debug|Any CPU
		{7DE99DED-0A73-4482-8465-A9F2EC48B8D0}.Debug|Any CPU.ActiveCfg = Debug|Any CPU
		{7DE99DED-0A73-4482-8465-A9F2EC48B8D0}.Debug|Any CPU.Build.0 = Debug|Any CPU
		{7DE99DED-0A73-4482-8465-A9F2EC48B8D0}.Debug|ARM.ActiveCfg = Debug|Any CPU
		{7DE99DED-0A73-4482-8465-A9F2EC48B8D0}.Debug|ARM.Build.0 = Debug|Any CPU
		{7DE99DED-0A73-4482-8465-A9F2EC48B8D0}.Debug|ARM64.ActiveCfg = Debug|Any CPU
		{7DE99DED-0A73-4482-8465-A9F2EC48B8D0}.Debug|ARM64.Build.0 = Debug|Any CPU
		{7DE99DED-0A73-4482-8465-A9F2EC48B8D0}.Debug|iPhone.ActiveCfg = Debug|Any CPU
		{7DE99DED-0A73-4482-8465-A9F2EC48B8D0}.Debug|iPhone.Build.0 = Debug|Any CPU
		{7DE99DED-0A73-4482-8465-A9F2EC48B8D0}.Debug|iPhoneSimulator.ActiveCfg = Debug|Any CPU
		{7DE99DED-0A73-4482-8465-A9F2EC48B8D0}.Debug|iPhoneSimulator.Build.0 = Debug|Any CPU
		{7DE99DED-0A73-4482-8465-A9F2EC48B8D0}.Debug|x64.ActiveCfg = Debug|Any CPU
		{7DE99DED-0A73-4482-8465-A9F2EC48B8D0}.Debug|x64.Build.0 = Debug|Any CPU
		{7DE99DED-0A73-4482-8465-A9F2EC48B8D0}.Debug|x86.ActiveCfg = Debug|Any CPU
		{7DE99DED-0A73-4482-8465-A9F2EC48B8D0}.Debug|x86.Build.0 = Debug|Any CPU
		{7DE99DED-0A73-4482-8465-A9F2EC48B8D0}.Release|Any CPU.ActiveCfg = Release|Any CPU
		{7DE99DED-0A73-4482-8465-A9F2EC48B8D0}.Release|Any CPU.Build.0 = Release|Any CPU
		{7DE99DED-0A73-4482-8465-A9F2EC48B8D0}.Release|ARM.ActiveCfg = Release|Any CPU
		{7DE99DED-0A73-4482-8465-A9F2EC48B8D0}.Release|ARM.Build.0 = Release|Any CPU
		{7DE99DED-0A73-4482-8465-A9F2EC48B8D0}.Release|ARM64.ActiveCfg = Release|Any CPU
		{7DE99DED-0A73-4482-8465-A9F2EC48B8D0}.Release|ARM64.Build.0 = Release|Any CPU
		{7DE99DED-0A73-4482-8465-A9F2EC48B8D0}.Release|iPhone.ActiveCfg = Release|Any CPU
		{7DE99DED-0A73-4482-8465-A9F2EC48B8D0}.Release|iPhone.Build.0 = Release|Any CPU
		{7DE99DED-0A73-4482-8465-A9F2EC48B8D0}.Release|iPhoneSimulator.ActiveCfg = Release|Any CPU
		{7DE99DED-0A73-4482-8465-A9F2EC48B8D0}.Release|iPhoneSimulator.Build.0 = Release|Any CPU
		{7DE99DED-0A73-4482-8465-A9F2EC48B8D0}.Release|x64.ActiveCfg = Release|Any CPU
		{7DE99DED-0A73-4482-8465-A9F2EC48B8D0}.Release|x64.Build.0 = Release|Any CPU
		{7DE99DED-0A73-4482-8465-A9F2EC48B8D0}.Release|x86.ActiveCfg = Release|Any CPU
		{7DE99DED-0A73-4482-8465-A9F2EC48B8D0}.Release|x86.Build.0 = Release|Any CPU
	EndGlobalSection
	GlobalSection(SolutionProperties) = preSolution
		HideSolutionNode = FALSE
	EndGlobalSection
	GlobalSection(NestedProjects) = preSolution
		{DCECF213-0FDB-4EF6-94F5-7F6F5F71CD7E} = {8CE12EB7-070B-4D92-BC0D-6299ECE24B02}
		{EB33CE33-8F69-4FEE-B6CB-6CB4DBA0B51F} = {8CE12EB7-070B-4D92-BC0D-6299ECE24B02}
		{82DA6BF2-10EE-4AEA-AA66-E17EB604C303} = {8CE12EB7-070B-4D92-BC0D-6299ECE24B02}
		{AEF59DBB-1A57-4558-AB7F-3A736AA5D7C8} = {8CE12EB7-070B-4D92-BC0D-6299ECE24B02}
		{09AF5AA6-F3CC-49EA-AD36-27D3E2FAD45E} = {8CE12EB7-070B-4D92-BC0D-6299ECE24B02}
		{C2F4F69E-CF12-4664-8604-E2856B43C928} = {8CE12EB7-070B-4D92-BC0D-6299ECE24B02}
		{C6B01CC9-DA9C-419E-92A9-314B5A759B18} = {8CE12EB7-070B-4D92-BC0D-6299ECE24B02}
		{C7B40D55-0104-4D60-A407-F71131007631} = {8CE12EB7-070B-4D92-BC0D-6299ECE24B02}
		{B574B355-ACDD-4E1D-A135-7FF55DB1FE71} = {8CE12EB7-070B-4D92-BC0D-6299ECE24B02}
	EndGlobalSection
	GlobalSection(ExtensibilityGlobals) = postSolution
		SolutionGuid = {C08BC470-DC98-4BA9-A12A-6D1F32A41575}
	EndGlobalSection
EndGlobal
